
Microsoft Visual Studio Solution File, Format Version 11.00
# Visual Studio 2010
Project("{8BC9CEB8-8B4A-11D0-8D11-00A0C91BC942}") = "FakePetya", "FakePetya\FakePetya.vcxproj", "{697ADB21-B955-4B8B-A331-BA1FEC3CD0B3}"
EndProject
Global
	GlobalSection(SolutionConfigurationPlatforms) = preSolution
		Debug|Win32 = Debug|Win32
		Release|Win32 = Release|Win32
	EndGlobalSection
	GlobalSection(ProjectConfigurationPlatforms) = postSolution
		{697ADB21-B955-4B8B-A331-BA1FEC3CD0B3}.Debug|Win32.ActiveCfg = Debug|Win32
		{697ADB21-B955-4B8B-A331-BA1FEC3CD0B3}.Debug|Win32.Build.0 = Debug|Win32
		{697ADB21-B955-4B8B-A331-BA1FEC3CD0B3}.Release|Win32.ActiveCfg = Release|Win32
		{697ADB21-B955-4B8B-A331-BA1FEC3CD0B3}.Release|Win32.Build.0 = Release|Win32
	EndGlobalSection
	GlobalSection(SolutionProperties) = preSolution
		HideSolutionNode = FALSE
	EndGlobalSection
EndGlobal
